
Microsoft Visual Studio Solution File, Format Version 12.00
# Visual Studio Version 17
VisualStudioVersion = 17.1.32414.318
MinimumVisualStudioVersion = 10.0.40219.1
Project("{FAE04EC0-301F-11D3-BF4B-00C04F79EFBC}") = "APIVentas", "APIVentas\APIVentas.csproj", "{00D8AE81-B7C3-42A1-B712-7C8D4C49AB91}"
EndProject
Project("{FAE04EC0-301F-11D3-BF4B-00C04F79EFBC}") = "BLVentas", "BLVentas\BLVentas.csproj", "{8F7538D2-CC09-4D90-9BB9-A8600570DE0F}"
EndProject
Project("{FAE04EC0-301F-11D3-BF4B-00C04F79EFBC}") = "DALVentas", "DALVentas\DALVentas.csproj", "{011F62C5-50F8-4B36-BA27-E1CCBCB0A94B}"
EndProject
Project("{FAE04EC0-301F-11D3-BF4B-00C04F79EFBC}") = "WebVentas", "WebVentas\WebVentas.csproj", "{DD86F9B6-E477-4395-B3CC-E9E3F8102028}"
EndProject
Project("{2150E333-8FDC-42A3-9474-1A3956D46DE8}") = "Librerias", "Librerias", "{9867F139-E554-41F2-A733-D262FE8EF157}"
EndProject
Project("{FAE04EC0-301F-11D3-BF4B-00C04F79EFBC}") = "BEVentas", "BEVentas\BEVentas.csproj", "{7FEED0E5-78C0-4857-A922-55C8B7447F83}"
EndProject
Global
	GlobalSection(SolutionConfigurationPlatforms) = preSolution
		Debug|Any CPU = Debug|Any CPU
		Release|Any CPU = Release|Any CPU
	EndGlobalSection
	GlobalSection(ProjectConfigurationPlatforms) = postSolution
		{00D8AE81-B7C3-42A1-B712-7C8D4C49AB91}.Debug|Any CPU.ActiveCfg = Debug|Any CPU
		{00D8AE81-B7C3-42A1-B712-7C8D4C49AB91}.Debug|Any CPU.Build.0 = Debug|Any CPU
		{00D8AE81-B7C3-42A1-B712-7C8D4C49AB91}.Release|Any CPU.ActiveCfg = Release|Any CPU
		{00D8AE81-B7C3-42A1-B712-7C8D4C49AB91}.Release|Any CPU.Build.0 = Release|Any CPU
		{8F7538D2-CC09-4D90-9BB9-A8600570DE0F}.Debug|Any CPU.ActiveCfg = Debug|Any CPU
		{8F7538D2-CC09-4D90-9BB9-A8600570DE0F}.Debug|Any CPU.Build.0 = Debug|Any CPU
		{8F7538D2-CC09-4D90-9BB9-A8600570DE0F}.Release|Any CPU.ActiveCfg = Release|Any CPU
		{8F7538D2-CC09-4D90-9BB9-A8600570DE0F}.Release|Any CPU.Build.0 = Release|Any CPU
		{011F62C5-50F8-4B36-BA27-E1CCBCB0A94B}.Debug|Any CPU.ActiveCfg = Debug|Any CPU
		{011F62C5-50F8-4B36-BA27-E1CCBCB0A94B}.Debug|Any CPU.Build.0 = Debug|Any CPU
		{011F62C5-50F8-4B36-BA27-E1CCBCB0A94B}.Release|Any CPU.ActiveCfg = Release|Any CPU
		{011F62C5-50F8-4B36-BA27-E1CCBCB0A94B}.Release|Any CPU.Build.0 = Release|Any CPU
		{DD86F9B6-E477-4395-B3CC-E9E3F8102028}.Debug|Any CPU.ActiveCfg = Debug|Any CPU
		{DD86F9B6-E477-4395-B3CC-E9E3F8102028}.Debug|Any CPU.Build.0 = Debug|Any CPU
		{DD86F9B6-E477-4395-B3CC-E9E3F8102028}.Release|Any CPU.ActiveCfg = Release|Any CPU
		{DD86F9B6-E477-4395-B3CC-E9E3F8102028}.Release|Any CPU.Build.0 = Release|Any CPU
		{7FEED0E5-78C0-4857-A922-55C8B7447F83}.Debug|Any CPU.ActiveCfg = Debug|Any CPU
		{7FEED0E5-78C0-4857-A922-55C8B7447F83}.Debug|Any CPU.Build.0 = Debug|Any CPU
		{7FEED0E5-78C0-4857-A922-55C8B7447F83}.Release|Any CPU.ActiveCfg = Release|Any CPU
		{7FEED0E5-78C0-4857-A922-55C8B7447F83}.Release|Any CPU.Build.0 = Release|Any CPU
	EndGlobalSection
	GlobalSection(SolutionProperties) = preSolution
		HideSolutionNode = FALSE
	EndGlobalSection
	GlobalSection(ExtensibilityGlobals) = postSolution
		SolutionGuid = {BE1F6C4C-21D9-419F-A654-6C8A8889FCA8}
	EndGlobalSection
EndGlobal
